
Microsoft Visual Studio Solution File, Format Version 12.00
# Visual Studio Version 17
VisualStudioVersion = 17.8.34525.116
MinimumVisualStudioVersion = 10.0.40219.1
Project("{FAE04EC0-301F-11D3-BF4B-00C04F79EFBC}") = "Week2", "Week2\Week2.csproj", "{EBBAC203-4512-4C6E-85B7-C9F9761A9DF1}"
EndProject
Project("{FAE04EC0-301F-11D3-BF4B-00C04F79EFBC}") = "UserAgeValidation", "UserAgeValidation\UserAgeValidation.csproj", "{86E0D0A4-063C-4FCA-B143-A353FCD298BF}"
EndProject
Project("{FAE04EC0-301F-11D3-BF4B-00C04F79EFBC}") = "UserGenderValidation", "UserGenderValidation\UserGenderValidation.csproj", "{8DA001AC-4931-4CD9-BF5B-1EF27173971A}"
EndProject
Global
	GlobalSection(SolutionConfigurationPlatforms) = preSolution
		Debug|Any CPU = Debug|Any CPU
		Release|Any CPU = Release|Any CPU
	EndGlobalSection
	GlobalSection(ProjectConfigurationPlatforms) = postSolution
		{EBBAC203-4512-4C6E-85B7-C9F9761A9DF1}.Debug|Any CPU.ActiveCfg = Debug|Any CPU
		{EBBAC203-4512-4C6E-85B7-C9F9761A9DF1}.Debug|Any CPU.Build.0 = Debug|Any CPU
		{EBBAC203-4512-4C6E-85B7-C9F9761A9DF1}.Release|Any CPU.ActiveCfg = Release|Any CPU
		{EBBAC203-4512-4C6E-85B7-C9F9761A9DF1}.Release|Any CPU.Build.0 = Release|Any CPU
		{86E0D0A4-063C-4FCA-B143-A353FCD298BF}.Debug|Any CPU.ActiveCfg = Debug|Any CPU
		{86E0D0A4-063C-4FCA-B143-A353FCD298BF}.Debug|Any CPU.Build.0 = Debug|Any CPU
		{86E0D0A4-063C-4FCA-B143-A353FCD298BF}.Release|Any CPU.ActiveCfg = Release|Any CPU
		{86E0D0A4-063C-4FCA-B143-A353FCD298BF}.Release|Any CPU.Build.0 = Release|Any CPU
		{8DA001AC-4931-4CD9-BF5B-1EF27173971A}.Debug|Any CPU.ActiveCfg = Debug|Any CPU
		{8DA001AC-4931-4CD9-BF5B-1EF27173971A}.Debug|Any CPU.Build.0 = Debug|Any CPU
		{8DA001AC-4931-4CD9-BF5B-1EF27173971A}.Release|Any CPU.ActiveCfg = Release|Any CPU
		{8DA001AC-4931-4CD9-BF5B-1EF27173971A}.Release|Any CPU.Build.0 = Release|Any CPU
	EndGlobalSection
	GlobalSection(SolutionProperties) = preSolution
		HideSolutionNode = FALSE
	EndGlobalSection
	GlobalSection(ExtensibilityGlobals) = postSolution
		SolutionGuid = {9C92822C-492F-4CFD-8AD8-A7C4DF504378}
	EndGlobalSection
EndGlobal
